# @generated - this file is auto-generated by `mise lock` https://mise.jdx.dev/dev-tools/mise-lock.html

lockfile_version = 2

[[tools.cargo-binstall]]
version = "1.25.2"
backend = "aqua:cargo-bins/cargo-binstall"
specifiers = ["1.25.2"]

[tools.cargo-binstall."platforms.linux-arm64"]
checksum = "sha256:de0877ebf0ccf3e6901c1a2b0d33a3033acba0555df2cd4ca0fde1566577b9f9"
url = "https://github.com/cargo-bins/cargo-binstall/releases/download/v1.25.2/cargo-binstall-aarch64-unknown-linux-gnu.tgz"
url_api = "https://api.github.com/repos/cargo-bins/cargo-binstall/releases/assets/615575955"
provenance = "github-attestations"

[tools.cargo-binstall."platforms.linux-x64"]
checksum = "sha256:ca1217094690d15606c050e3d085bc03ce6fe12486de9a815d85dae345bb6803"
url = "https://github.com/cargo-bins/cargo-binstall/releases/download/v1.25.2/cargo-binstall-x86_64-unknown-linux-gnu.tgz"
url_api = "https://api.github.com/repos/cargo-bins/cargo-binstall/releases/assets/615574063"
provenance = "github-attestations"

[tools.cargo-binstall."platforms.macos-arm64"]
checksum = "sha256:80d824376b6600e0fb32be43849f5d033c649513ccf988b160f2d46b8676d3d3"
url = "https://github.com/cargo-bins/cargo-binstall/releases/download/v1.25.2/cargo-binstall-aarch64-apple-darwin.zip"
url_api = "https://api.github.com/repos/cargo-bins/cargo-binstall/releases/assets/615576421"
provenance = "github-attestations"

[[tools."cargo:cargo-nextest"]]
version = "0.9.146"
backend = "cargo:cargo-nextest"
specifiers = ["0.9.146"]

[[tools."cargo:cargo-semver-checks"]]
version = "0.51.0"
backend = "cargo:cargo-semver-checks"
specifiers = ["0.51.0"]

[[tools.mr-boxington]]
version = "1.22.0"
backend = "packslip:github.com/jdx/mr-boxington"
specifiers = ["1.22.0"]

[tools.mr-boxington."platforms.linux-arm64"]
checksum = "sha256:b7a23503d9efcb31941e1e68b78f8b33643a056f22d39cff745dab6f17edb652"
url = "https://github.com/jdx/mr-boxington/releases/download/v1.22.0/mbx-aarch64-unknown-linux-gnu.tar.gz"
signer = "sigstore-oidc:https://github.com/jdx/mr-boxington/.github/workflows/release.yml"

[tools.mr-boxington."platforms.linux-x64"]
checksum = "sha256:eb3e8c74277dcc8314227ba2cd32ef00a9a362ec8a90cd06ef6580eb48a6b375"
url = "https://github.com/jdx/mr-boxington/releases/download/v1.22.0/mbx-x86_64-unknown-linux-gnu.tar.gz"
signer = "sigstore-oidc:https://github.com/jdx/mr-boxington/.github/workflows/release.yml"

[tools.mr-boxington."platforms.macos-arm64"]
checksum = "sha256:e548b5758498cf822a180b6328597e6aded8fe9bb3046cd918399172ae30dde2"
url = "https://github.com/jdx/mr-boxington/releases/download/v1.22.0/mbx-aarch64-apple-darwin.tar.gz"
signer = "sigstore-oidc:https://github.com/jdx/mr-boxington/.github/workflows/release.yml"

[[tools.ruff]]
version = "0.16.10"
backend = "aqua:astral-sh/ruff"
specifiers = ["0.16.10"]

[tools.ruff."platforms.linux-arm64"]
checksum = "sha256:dc0d74de837ef0a7bcc62ce98c48a622b075d057161f13b958be2934becd55a6"
url = "https://github.com/astral-sh/ruff/releases/download/0.16.10/ruff-aarch64-unknown-linux-gnu.tar.gz"
url_api = "https://api.github.com/repos/astral-sh/ruff/releases/assets/603826868"
provenance = "github-attestations"

[tools.ruff."platforms.linux-x64"]
checksum = "sha256:9567ff1201e2fb3da31ff04c35587d768c66d6cb42dfa84de474e2bfe360b608"
url = "https://github.com/astral-sh/ruff/releases/download/0.16.10/ruff-x86_64-unknown-linux-gnu.tar.gz"
url_api = "https://api.github.com/repos/astral-sh/ruff/releases/assets/603827060"
provenance = "github-attestations"

[tools.ruff."platforms.macos-arm64"]
checksum = "sha256:f051cd306de2691262a0574f8857cd1f4d6bfcd448084ea23d61b9c1c37df510"
url = "https://github.com/astral-sh/ruff/releases/download/0.16.10/ruff-aarch64-apple-darwin.tar.gz"
url_api = "https://api.github.com/repos/astral-sh/ruff/releases/assets/603826852"
provenance = "github-attestations"

[[tools.rust]]
version = "1.99.0"
backend = "core:rust"
specifiers = ["1.99.0"]

[tools.rust.options]
components = "clippy,rustfmt"
profile = "minimal"

[[tools.shellcheck]]
version = "0.11.0"
backend = "aqua:koalaman/shellcheck"
specifiers = ["0.11.0"]

[tools.shellcheck."platforms.linux-arm64"]
checksum = "sha256:12b331c1d2db6b9eb13cfca64306b1b157a86eb69db83023e261eaa7e7c14588"
url = "https://github.com/koalaman/shellcheck/releases/download/v0.11.0/shellcheck-v0.11.0.linux.aarch64.tar.xz"
url_api = "https://api.github.com/repos/koalaman/shellcheck/releases/assets/279056934"

[tools.shellcheck."platforms.linux-x64"]
checksum = "sha256:8c3be12b05d5c177a04c29e3c78ce89ac86f1595681cab149b65b97c4e227198"
url = "https://github.com/koalaman/shellcheck/releases/download/v0.11.0/shellcheck-v0.11.0.linux.x86_64.tar.xz"
url_api = "https://api.github.com/repos/koalaman/shellcheck/releases/assets/279056942"

[tools.shellcheck."platforms.macos-arm64"]
checksum = "sha256:56affdd8de5527894dca6dc3d7e0a99a873b0f004d7aabc30ae407d3f48b0a79"
url = "https://github.com/koalaman/shellcheck/releases/download/v0.11.0/shellcheck-v0.11.0.darwin.aarch64.tar.xz"
url_api = "https://api.github.com/repos/koalaman/shellcheck/releases/assets/279056932"

[[tools.uv]]
version = "0.12.23"
backend = "aqua:astral-sh/uv"
specifiers = ["0.12.23"]

[tools.uv."platforms.linux-arm64"]
checksum = "sha256:6524bd338177ed50d035d39354e12545e993bbeba2ecbddf0480c5b3a81d313f"
url = "https://github.com/astral-sh/uv/releases/download/0.12.23/uv-aarch64-unknown-linux-gnu.tar.gz"
url_api = "https://api.github.com/repos/astral-sh/uv/releases/assets/608232491"
provenance = "github-attestations"

[tools.uv."platforms.linux-x64"]
checksum = "sha256:9167d72b3319674b6303c4cbe071854bba13ebdf3d76b1a7cbdc175471fb66d6"
url = "https://github.com/astral-sh/uv/releases/download/0.12.23/uv-x86_64-unknown-linux-gnu.tar.gz"
url_api = "https://api.github.com/repos/astral-sh/uv/releases/assets/608232628"
provenance = "github-attestations"

[tools.uv."platforms.macos-arm64"]
checksum = "sha256:50487ae565ccd96e499056b4674d438f4c53170202617b4c759defe0c6a1b544"
url = "https://github.com/astral-sh/uv/releases/download/0.12.23/uv-aarch64-apple-darwin.tar.gz"
url_api = "https://api.github.com/repos/astral-sh/uv/releases/assets/608232483"
provenance = "github-attestations"
