# @generated - this file is auto-generated by `mise lock` https://mise.jdx.dev/dev-tools/mise-lock.html

lockfile_version = 3

[[tools."cargo:https://github.com/NVIDIA/cuda-rust"]]
version = "rev:6921d3ee07e28ec62895ea40fc2fef39977ca411"
backend = "cargo:https://github.com/NVIDIA/cuda-rust"
specifiers = ["rev:6921d3ee07e28ec62895ea40fc2fef39977ca411"]

[tools."cargo:https://github.com/NVIDIA/cuda-rust".options]
crate = "cargo-oxide"

[[tools.rust]]
version = "nightly-2026-08-28"
backend = "core:rust"
specifiers = ["nightly-2026-08-28"]

[tools.rust.options]
components = "clippy,llvm-tools,rust-src,rustc-dev"
profile = "minimal"
