# @generated - this file is auto-generated by `mise lock` https://mise.jdx.dev/dev-tools/mise-lock.html

lockfile_version = 3

[[tools."cargo:https://github.com/NVIDIA/cuda-rust"]]
version = "rev:a73ec6ef7fe2922c93f5d1e1f2e3de67c891a760"
backend = "cargo:https://github.com/NVIDIA/cuda-rust"
specifiers = ["rev:a73ec6ef7fe2922c93f5d1e1f2e3de67c891a760"]

[tools."cargo:https://github.com/NVIDIA/cuda-rust".options]
crate = "cargo-oxide"

[[tools.rust]]
version = "nightly-2026-08-28"
backend = "core:rust"
specifiers = ["nightly-2026-08-28"]

[tools.rust.options]
components = "clippy,llvm-tools,rust-src,rustc-dev"
profile = "minimal"
