# @generated - this file is auto-generated by `mise lock` https://mise.jdx.dev/dev-tools/mise-lock.html

lockfile_version = 2

[[tools."cargo:cargo-fuzz"]]
version = "0.13.2"
backend = "cargo:cargo-fuzz"
specifiers = ["0.13.2"]

[[tools.rust]]
version = "nightly-2026-09-22"
backend = "core:rust"
specifiers = ["nightly-2026-09-22"]

[tools.rust.options]
components = "rustfmt"
profile = "minimal"
